<Solution>
  <Folder Name="/Solution Items/">
    <File Path="LICENSE" />
    <File Path="README.md" />
  </Folder>
  <Project Path="Shuttle.Hopper.AzureStorageQueues.Tests/Shuttle.Hopper.AzureStorageQueues.Tests.csproj" />
  <Project Path="Shuttle.Hopper.AzureStorageQueues/Shuttle.Hopper.AzureStorageQueues.csproj" />
</Solution>
